
Microsoft Visual Studio Solution File, Format Version 12.00
# Visual Studio Version 17
VisualStudioVersion = 17.14.36408.4 d17.14
MinimumVisualStudioVersion = 10.0.40219.1
Project("{FAE04EC0-301F-11D3-BF4B-00C04F79EFBC}") = "alvazaratAPI53", "alvazaratAPI53.csproj", "{8F21A0B5-931C-BF78-5C16-A0746A65ACD0}"
EndProject
Global
	GlobalSection(SolutionConfigurationPlatforms) = preSolution
		Debug|Any CPU = Debug|Any CPU
		Release|Any CPU = Release|Any CPU
	EndGlobalSection
	GlobalSection(ProjectConfigurationPlatforms) = postSolution
		{8F21A0B5-931C-BF78-5C16-A0746A65ACD0}.Debug|Any CPU.ActiveCfg = Debug|Any CPU
		{8F21A0B5-931C-BF78-5C16-A0746A65ACD0}.Debug|Any CPU.Build.0 = Debug|Any CPU
		{8F21A0B5-931C-BF78-5C16-A0746A65ACD0}.Release|Any CPU.ActiveCfg = Release|Any CPU
		{8F21A0B5-931C-BF78-5C16-A0746A65ACD0}.Release|Any CPU.Build.0 = Release|Any CPU
	EndGlobalSection
	GlobalSection(SolutionProperties) = preSolution
		HideSolutionNode = FALSE
	EndGlobalSection
	GlobalSection(ExtensibilityGlobals) = postSolution
		SolutionGuid = {F277F259-8055-4DEB-9305-2E6833C91744}
	EndGlobalSection
EndGlobal
